
Microsoft Visual Studio Solution File, Format Version 12.00
# Visual Studio Version 17
VisualStudioVersion = 17.14.36414.22 d17.14
MinimumVisualStudioVersion = 10.0.40219.1
Project("{FAE04EC0-301F-11D3-BF4B-00C04F79EFBC}") = "BasicCalculator1", "BasicCalculator1\BasicCalculator1.csproj", "{BCF23924-9132-4636-8F8B-08E0C164D171}"
EndProject
Global
	GlobalSection(SolutionConfigurationPlatforms) = preSolution
		Debug|Any CPU = Debug|Any CPU
		Release|Any CPU = Release|Any CPU
	EndGlobalSection
	GlobalSection(ProjectConfigurationPlatforms) = postSolution
		{BCF23924-9132-4636-8F8B-08E0C164D171}.Debug|Any CPU.ActiveCfg = Debug|Any CPU
		{BCF23924-9132-4636-8F8B-08E0C164D171}.Debug|Any CPU.Build.0 = Debug|Any CPU
		{BCF23924-9132-4636-8F8B-08E0C164D171}.Release|Any CPU.ActiveCfg = Release|Any CPU
		{BCF23924-9132-4636-8F8B-08E0C164D171}.Release|Any CPU.Build.0 = Release|Any CPU
	EndGlobalSection
	GlobalSection(SolutionProperties) = preSolution
		HideSolutionNode = FALSE
	EndGlobalSection
	GlobalSection(ExtensibilityGlobals) = postSolution
		SolutionGuid = {C8E6AFEB-368A-4F93-9A8D-90A9E0D62B16}
	EndGlobalSection
EndGlobal
